# THIS IS AN AUTOGENERATED FILE. DO NOT EDIT THIS FILE DIRECTLY.
# yarn lockfile v1


"@types/debug@^0.0.29":
  version "0.0.29"
  resolved "https://registry.yarnpkg.com/@types/debug/-/debug-0.0.29.tgz#a1e514adfbd92f03a224ba54d693111dbf1f3754"

"@types/lodash@^4.14.45":
  version "4.14.45"
  resolved "https://registry.yarnpkg.com/@types/lodash/-/lodash-4.14.45.tgz#db20238f23fa195d6fb8f9ff7988e8651fc8c302"

"@types/node@*":
  version "6.0.55"
  resolved "https://registry.yarnpkg.com/@types/node/-/node-6.0.55.tgz#e5cb679a43561f42afd1bd6d58d3992ec8f31720"

"@types/rethinkdb@^2.3.1":
  version "2.3.1"
  resolved "https://registry.yarnpkg.com/@types/rethinkdb/-/rethinkdb-2.3.1.tgz#b4ef1365f244c163a54e6e090d517d3110c934b2"
  dependencies:
    "@types/node" "*"

"@types/verror@^1.9.1":
  version "1.9.1"
  resolved "https://registry.yarnpkg.com/@types/verror/-/verror-1.9.1.tgz#03b4dd3f63933bb6d0f96340406af2eaf3dd6e90"

assert-plus@^1.0.0:
  version "1.0.0"
  resolved "https://registry.yarnpkg.com/assert-plus/-/assert-plus-1.0.0.tgz#f12e0f3c5d77b0b1cdd9146942e4e96c1e4dd525"

"bluebird@>= 2.3.2 < 3":
  version "2.11.0"
  resolved "https://registry.yarnpkg.com/bluebird/-/bluebird-2.11.0.tgz#534b9033c022c9579c56ba3b3e5a5caafbb650e1"

core-util-is@1.0.2:
  version "1.0.2"
  resolved "https://registry.yarnpkg.com/core-util-is/-/core-util-is-1.0.2.tgz#b5fd54220aa2bc5ab57aab7140c940754503c1a7"

debug@^2.6.0:
  version "2.6.0"
  resolved "https://registry.yarnpkg.com/debug/-/debug-2.6.0.tgz#bc596bcabe7617f11d9fa15361eded5608b8499b"
  dependencies:
    ms "0.7.2"

extsprintf@^1.2.0:
  version "1.3.0"
  resolved "https://registry.yarnpkg.com/extsprintf/-/extsprintf-1.3.0.tgz#96918440e3041a7a414f8c52e3c574eb3c3e1e05"

lodash@^4.17.3:
  version "4.17.3"
  resolved "https://registry.yarnpkg.com/lodash/-/lodash-4.17.3.tgz#557ed7d2a9438cac5fd5a43043ca60cb455e01f7"

ms@0.7.2:
  version "0.7.2"
  resolved "https://registry.yarnpkg.com/ms/-/ms-0.7.2.tgz#ae25cf2512b3885a1d95d7f037868d8431124765"

rethinkdb@^2.3.3:
  version "2.3.3"
  resolved "https://registry.yarnpkg.com/rethinkdb/-/rethinkdb-2.3.3.tgz#3dc6586e22fa1dabee0d254e64bd0e379fad2f72"
  dependencies:
    bluebird ">= 2.3.2 < 3"

typescript@^2.1.4:
  version "2.1.4"
  resolved "https://registry.yarnpkg.com/typescript/-/typescript-2.1.4.tgz#b53b69fb841126acb1dd4b397d21daba87572251"

verror@^1.9.0:
  version "1.9.0"
  resolved "https://registry.yarnpkg.com/verror/-/verror-1.9.0.tgz#107a8a2d14c33586fc4bb830057cd2d19ae2a6ee"
  dependencies:
    assert-plus "^1.0.0"
    core-util-is "1.0.2"
    extsprintf "^1.2.0"
